
Microsoft Visual Studio Solution File, Format Version 12.00
# Visual Studio Version 17
VisualStudioVersion = 17.9.34728.123
MinimumVisualStudioVersion = 10.0.40219.1
Project("{FAE04EC0-301F-11D3-BF4B-00C04F79EFBC}") = "PajoPhone", "PajoPhone\PajoPhone.csproj", "{2241A08A-A4A7-4A49-9E0D-0F9D0794B931}"
EndProject
Global
	GlobalSection(SolutionConfigurationPlatforms) = preSolution
		Debug|Any CPU = Debug|Any CPU
		Release|Any CPU = Release|Any CPU
	EndGlobalSection
	GlobalSection(ProjectConfigurationPlatforms) = postSolution
		{2241A08A-A4A7-4A49-9E0D-0F9D0794B931}.Debug|Any CPU.ActiveCfg = Debug|Any CPU
		{2241A08A-A4A7-4A49-9E0D-0F9D0794B931}.Debug|Any CPU.Build.0 = Debug|Any CPU
		{2241A08A-A4A7-4A49-9E0D-0F9D0794B931}.Release|Any CPU.ActiveCfg = Release|Any CPU
		{2241A08A-A4A7-4A49-9E0D-0F9D0794B931}.Release|Any CPU.Build.0 = Release|Any CPU
	EndGlobalSection
	GlobalSection(SolutionProperties) = preSolution
		HideSolutionNode = FALSE
	EndGlobalSection
	GlobalSection(ExtensibilityGlobals) = postSolution
		SolutionGuid = {0B75D46D-50DC-4B4B-97B3-8FDD91169EF2}
	EndGlobalSection
EndGlobal
